
Microsoft Visual Studio Solution File, Format Version 12.00
# Visual Studio Version 17
VisualStudioVersion = 17.7.34202.233
MinimumVisualStudioVersion = 10.0.40219.1
Project("{8BC9CEB8-8B4A-11D0-8D11-00A0C91BC942}") = "SortingClassVersion", "SortingClassVersion\SortingClassVersion.vcxproj", "{241F25FA-A631-4F06-AB1E-2A00CA2AED3C}"
EndProject
Global
	GlobalSection(SolutionConfigurationPlatforms) = preSolution
		Debug|x64 = Debug|x64
		Debug|x86 = Debug|x86
		Release|x64 = Release|x64
		Release|x86 = Release|x86
	EndGlobalSection
	GlobalSection(ProjectConfigurationPlatforms) = postSolution
		{241F25FA-A631-4F06-AB1E-2A00CA2AED3C}.Debug|x64.ActiveCfg = Debug|x64
		{241F25FA-A631-4F06-AB1E-2A00CA2AED3C}.Debug|x64.Build.0 = Debug|x64
		{241F25FA-A631-4F06-AB1E-2A00CA2AED3C}.Debug|x86.ActiveCfg = Debug|Win32
		{241F25FA-A631-4F06-AB1E-2A00CA2AED3C}.Debug|x86.Build.0 = Debug|Win32
		{241F25FA-A631-4F06-AB1E-2A00CA2AED3C}.Release|x64.ActiveCfg = Release|x64
		{241F25FA-A631-4F06-AB1E-2A00CA2AED3C}.Release|x64.Build.0 = Release|x64
		{241F25FA-A631-4F06-AB1E-2A00CA2AED3C}.Release|x86.ActiveCfg = Release|Win32
		{241F25FA-A631-4F06-AB1E-2A00CA2AED3C}.Release|x86.Build.0 = Release|Win32
	EndGlobalSection
	GlobalSection(SolutionProperties) = preSolution
		HideSolutionNode = FALSE
	EndGlobalSection
	GlobalSection(ExtensibilityGlobals) = postSolution
		SolutionGuid = {27282948-C78E-4999-AE87-BF7B9D86EAE7}
	EndGlobalSection
EndGlobal
